Microsoft Visual Studio Solution File, Format Version 8.00
Project("{8BC9CEB8-8B4A-11D0-8D11-00A0C91BC942}") = "UserInterface", "UserInterface.vcproj", "{9994A903-C6DB-4516-9D54-B238B05FE001}"
	ProjectSection(ProjectDependencies) = postProject
	EndProjectSection
EndProject
Global
	GlobalSection(SolutionConfiguration) = preSolution
		Debug = Debug
		Release = Release
	EndGlobalSection
	GlobalSection(ProjectConfiguration) = postSolution
		{9994A903-C6DB-4516-9D54-B238B05FE001}.Debug.ActiveCfg = Debug|Win32
		{9994A903-C6DB-4516-9D54-B238B05FE001}.Debug.Build.0 = Debug|Win32
		{9994A903-C6DB-4516-9D54-B238B05FE001}.Release.ActiveCfg = Release|Win32
		{9994A903-C6DB-4516-9D54-B238B05FE001}.Release.Build.0 = Release|Win32
	EndGlobalSection
	GlobalSection(ExtensibilityGlobals) = postSolution
	EndGlobalSection
	GlobalSection(ExtensibilityAddIns) = postSolution
	EndGlobalSection
EndGlobal
