Microsoft Visual Studio Solution File, Format Version 8.00
Project("{8BC9CEB8-8B4A-11D0-8D11-00A0C91BC942}") = "14.Win32Window", "14.Win32Window.vcproj", "{1240A087-59AE-4620-94FE-E95CF0A262AE}"
	ProjectSection(ProjectDependencies) = postProject
	EndProjectSection
EndProject
Global
	GlobalSection(SolutionConfiguration) = preSolution
		Debug = Debug
		Release = Release
	EndGlobalSection
	GlobalSection(ProjectConfiguration) = postSolution
		{1240A087-59AE-4620-94FE-E95CF0A262AE}.Debug.ActiveCfg = Debug|Win32
		{1240A087-59AE-4620-94FE-E95CF0A262AE}.Debug.Build.0 = Debug|Win32
		{1240A087-59AE-4620-94FE-E95CF0A262AE}.Release.ActiveCfg = Release|Win32
		{1240A087-59AE-4620-94FE-E95CF0A262AE}.Release.Build.0 = Release|Win32
	EndGlobalSection
	GlobalSection(ExtensibilityGlobals) = postSolution
	EndGlobalSection
	GlobalSection(ExtensibilityAddIns) = postSolution
	EndGlobalSection
EndGlobal
